
Microsoft Visual Studio Solution File, Format Version 12.00
# Visual Studio 15
VisualStudioVersion = 15.0.26403.7
MinimumVisualStudioVersion = 10.0.40219.1
Project("{FAE04EC0-301F-11D3-BF4B-00C04F79EFBC}") = "HealthTracker", "HealthTracker\HealthTracker.csproj", "{84DC980A-1411-461B-87C3-0768EED3379A}"
EndProject
Project("{FAE04EC0-301F-11D3-BF4B-00C04F79EFBC}") = "HealthTracker.WinRT", "HealthTracker.WinRT\HealthTracker.WinRT.csproj", "{6968F510-CA8C-4F86-B6AA-4D1ABA1C43D7}"
EndProject
Project("{FAE04EC0-301F-11D3-BF4B-00C04F79EFBC}") = "HealthTracker.API", "HealthTracker.API\HealthTracker.API.csproj", "{B288355C-0953-4D64-AEAB-E72925636D3A}"
EndProject
Project("{FAE04EC0-301F-11D3-BF4B-00C04F79EFBC}") = "HealthTracker.Linux", "HealthTracker.Linux\HealthTracker.Linux.csproj", "{2AEFF4FD-07A8-4273-8893-4BB077DBCE45}"
EndProject
Project("{FAE04EC0-301F-11D3-BF4B-00C04F79EFBC}") = "HealthTracker.Core", "HealthTracker.Core\HealthTracker.Core.csproj", "{BA120946-FCAA-4836-B915-0E18718DC6E9}"
EndProject
Project("{FAE04EC0-301F-11D3-BF4B-00C04F79EFBC}") = "HealthTracker.Test", "HealthTracker.Test\HealthTracker.Test.csproj", "{CAF48347-506A-40BC-A235-F73D12931140}"
EndProject
Project("{FAE04EC0-301F-11D3-BF4B-00C04F79EFBC}") = "HealthTracker.Data", "HealthTracker.Data\HealthTracker.Data.csproj", "{9DBDBC9C-615F-4D3B-A428-D81CE122B6D2}"
EndProject
Project("{FAE04EC0-301F-11D3-BF4B-00C04F79EFBC}") = "HealthTracker.Web", "HealthTracker.Web\HealthTracker.Web.csproj", "{09D10288-8369-4AA0-88EF-B14DC560E805}"
EndProject
Global
	GlobalSection(SolutionConfigurationPlatforms) = preSolution
		Debug|Any CPU = Debug|Any CPU
		Release|Any CPU = Release|Any CPU
	EndGlobalSection
	GlobalSection(ProjectConfigurationPlatforms) = postSolution
		{84DC980A-1411-461B-87C3-0768EED3379A}.Debug|Any CPU.ActiveCfg = Debug|Any CPU
		{84DC980A-1411-461B-87C3-0768EED3379A}.Debug|Any CPU.Build.0 = Debug|Any CPU
		{84DC980A-1411-461B-87C3-0768EED3379A}.Release|Any CPU.ActiveCfg = Release|Any CPU
		{84DC980A-1411-461B-87C3-0768EED3379A}.Release|Any CPU.Build.0 = Release|Any CPU
		{6968F510-CA8C-4F86-B6AA-4D1ABA1C43D7}.Debug|Any CPU.ActiveCfg = Debug|Any CPU
		{6968F510-CA8C-4F86-B6AA-4D1ABA1C43D7}.Debug|Any CPU.Build.0 = Debug|Any CPU
		{6968F510-CA8C-4F86-B6AA-4D1ABA1C43D7}.Release|Any CPU.ActiveCfg = Release|Any CPU
		{6968F510-CA8C-4F86-B6AA-4D1ABA1C43D7}.Release|Any CPU.Build.0 = Release|Any CPU
		{B288355C-0953-4D64-AEAB-E72925636D3A}.Debug|Any CPU.ActiveCfg = Debug|Any CPU
		{B288355C-0953-4D64-AEAB-E72925636D3A}.Debug|Any CPU.Build.0 = Debug|Any CPU
		{B288355C-0953-4D64-AEAB-E72925636D3A}.Release|Any CPU.ActiveCfg = Release|Any CPU
		{B288355C-0953-4D64-AEAB-E72925636D3A}.Release|Any CPU.Build.0 = Release|Any CPU
		{2AEFF4FD-07A8-4273-8893-4BB077DBCE45}.Debug|Any CPU.ActiveCfg = Debug|Any CPU
		{2AEFF4FD-07A8-4273-8893-4BB077DBCE45}.Debug|Any CPU.Build.0 = Debug|Any CPU
		{2AEFF4FD-07A8-4273-8893-4BB077DBCE45}.Release|Any CPU.ActiveCfg = Release|Any CPU
		{2AEFF4FD-07A8-4273-8893-4BB077DBCE45}.Release|Any CPU.Build.0 = Release|Any CPU
		{BA120946-FCAA-4836-B915-0E18718DC6E9}.Debug|Any CPU.ActiveCfg = Debug|Any CPU
		{BA120946-FCAA-4836-B915-0E18718DC6E9}.Debug|Any CPU.Build.0 = Debug|Any CPU
		{BA120946-FCAA-4836-B915-0E18718DC6E9}.Release|Any CPU.ActiveCfg = Release|Any CPU
		{BA120946-FCAA-4836-B915-0E18718DC6E9}.Release|Any CPU.Build.0 = Release|Any CPU
		{CAF48347-506A-40BC-A235-F73D12931140}.Debug|Any CPU.ActiveCfg = Debug|Any CPU
		{CAF48347-506A-40BC-A235-F73D12931140}.Debug|Any CPU.Build.0 = Debug|Any CPU
		{CAF48347-506A-40BC-A235-F73D12931140}.Release|Any CPU.ActiveCfg = Release|Any CPU
		{CAF48347-506A-40BC-A235-F73D12931140}.Release|Any CPU.Build.0 = Release|Any CPU
		{9DBDBC9C-615F-4D3B-A428-D81CE122B6D2}.Debug|Any CPU.ActiveCfg = Debug|Any CPU
		{9DBDBC9C-615F-4D3B-A428-D81CE122B6D2}.Debug|Any CPU.Build.0 = Debug|Any CPU
		{9DBDBC9C-615F-4D3B-A428-D81CE122B6D2}.Release|Any CPU.ActiveCfg = Release|Any CPU
		{9DBDBC9C-615F-4D3B-A428-D81CE122B6D2}.Release|Any CPU.Build.0 = Release|Any CPU
		{09D10288-8369-4AA0-88EF-B14DC560E805}.Debug|Any CPU.ActiveCfg = Debug|Any CPU
		{09D10288-8369-4AA0-88EF-B14DC560E805}.Debug|Any CPU.Build.0 = Debug|Any CPU
		{09D10288-8369-4AA0-88EF-B14DC560E805}.Release|Any CPU.ActiveCfg = Release|Any CPU
		{09D10288-8369-4AA0-88EF-B14DC560E805}.Release|Any CPU.Build.0 = Release|Any CPU
	EndGlobalSection
	GlobalSection(SolutionProperties) = preSolution
		HideSolutionNode = FALSE
	EndGlobalSection
EndGlobal
